
Microsoft Visual Studio Solution File, Format Version 12.00
# Visual Studio 15
Project("{FAE04EC0-301F-11D3-BF4B-00C04F79EFBC}") = "Assembly-CSharp", "Assembly-CSharp.csproj", "{EFCBA0BD-206B-E1FA-AD93-8C1D480DA5F0}"
EndProject
Global
	GlobalSection(SolutionConfigurationPlatforms) = preSolution
		Debug|Any CPU = Debug|Any CPU
		Release|Any CPU = Release|Any CPU
	EndGlobalSection
	GlobalSection(ProjectConfigurationPlatforms) = postSolution
		{EFCBA0BD-206B-E1FA-AD93-8C1D480DA5F0}.Debug|Any CPU.ActiveCfg = Debug|Any CPU
		{EFCBA0BD-206B-E1FA-AD93-8C1D480DA5F0}.Debug|Any CPU.Build.0 = Debug|Any CPU
		{EFCBA0BD-206B-E1FA-AD93-8C1D480DA5F0}.Release|Any CPU.ActiveCfg = Release|Any CPU
		{EFCBA0BD-206B-E1FA-AD93-8C1D480DA5F0}.Release|Any CPU.Build.0 = Release|Any CPU
	EndGlobalSection
	GlobalSection(SolutionProperties) = preSolution
		HideSolutionNode = FALSE
	EndGlobalSection
EndGlobal
